
Microsoft Visual Studio Solution File, Format Version 12.00
# Visual Studio Version 17
VisualStudioVersion = 17.11.35312.102
MinimumVisualStudioVersion = 10.0.40219.1
Project("{FAE04EC0-301F-11D3-BF4B-00C04F79EFBC}") = "SamechProject", "SamechProject\SamechProject.csproj", "{BA3106A4-AB18-4583-948D-87424A352A2A}"
EndProject
Global
	GlobalSection(SolutionConfigurationPlatforms) = preSolution
		Debug|Any CPU = Debug|Any CPU
		Release|Any CPU = Release|Any CPU
	EndGlobalSection
	GlobalSection(ProjectConfigurationPlatforms) = postSolution
		{BA3106A4-AB18-4583-948D-87424A352A2A}.Debug|Any CPU.ActiveCfg = Debug|Any CPU
		{BA3106A4-AB18-4583-948D-87424A352A2A}.Debug|Any CPU.Build.0 = Debug|Any CPU
		{BA3106A4-AB18-4583-948D-87424A352A2A}.Release|Any CPU.ActiveCfg = Release|Any CPU
		{BA3106A4-AB18-4583-948D-87424A352A2A}.Release|Any CPU.Build.0 = Release|Any CPU
	EndGlobalSection
	GlobalSection(SolutionProperties) = preSolution
		HideSolutionNode = FALSE
	EndGlobalSection
	GlobalSection(ExtensibilityGlobals) = postSolution
		SolutionGuid = {D6FAD4A7-8AA6-4B00-B30F-DA979EE60CC9}
	EndGlobalSection
EndGlobal
